
Microsoft Visual Studio Solution File, Format Version 12.00
# Visual Studio Version 17
VisualStudioVersion = 17.5.002.0
MinimumVisualStudioVersion = 10.0.40219.1
Project("{2150E333-8FDC-42A3-9474-1A3956D46DE8}") = "projetos_DIO", "projetos_DIO", "{F1FC9AD0-2332-4150-A0CA-BE61602F38AF}"
EndProject
Project("{9A19103F-16F7-4668-BE54-9A1E7A4F7556}") = "projeto_cursos", "projetos_DIO\projeto_Cursos\projeto_cursos.csproj", "{ACC9D06D-4376-4332-8203-9B3574247419}"
EndProject
Global
	GlobalSection(SolutionConfigurationPlatforms) = preSolution
		Debug|Any CPU = Debug|Any CPU
		Release|Any CPU = Release|Any CPU
	EndGlobalSection
	GlobalSection(ProjectConfigurationPlatforms) = postSolution
		{ACC9D06D-4376-4332-8203-9B3574247419}.Debug|Any CPU.ActiveCfg = Debug|Any CPU
		{ACC9D06D-4376-4332-8203-9B3574247419}.Debug|Any CPU.Build.0 = Debug|Any CPU
		{ACC9D06D-4376-4332-8203-9B3574247419}.Release|Any CPU.ActiveCfg = Release|Any CPU
		{ACC9D06D-4376-4332-8203-9B3574247419}.Release|Any CPU.Build.0 = Release|Any CPU
	EndGlobalSection
	GlobalSection(SolutionProperties) = preSolution
		HideSolutionNode = FALSE
	EndGlobalSection
	GlobalSection(NestedProjects) = preSolution
		{ACC9D06D-4376-4332-8203-9B3574247419} = {F1FC9AD0-2332-4150-A0CA-BE61602F38AF}
	EndGlobalSection
	GlobalSection(ExtensibilityGlobals) = postSolution
		SolutionGuid = {4DA21731-D7DF-40EE-BAE2-1D18E17B59F3}
	EndGlobalSection
EndGlobal
